
Microsoft Visual Studio Solution File, Format Version 12.00
# Visual Studio Version 17
VisualStudioVersion = 17.13.35825.156 d17.13
MinimumVisualStudioVersion = 10.0.40219.1
Project("{FAE04EC0-301F-11D3-BF4B-00C04F79EFBC}") = "Cửu hàng thiết bị điện tử", "Cửu hàng thiết bị điện tử\Cửu hàng thiết bị điện tử.csproj", "{362C3120-61E2-416B-91D8-4610451A3964}"
EndProject
Project("{FAE04EC0-301F-11D3-BF4B-00C04F79EFBC}") = "Bài 1", "Bài 1\Bài 1.csproj", "{5B70A9E5-D273-4376-96C2-E702288E74AC}"
EndProject
Project("{FAE04EC0-301F-11D3-BF4B-00C04F79EFBC}") = "Bài 2", "Bài 2\Bài 2.csproj", "{4928A0CE-304E-4B36-933A-C4754E012D8B}"
EndProject
Global
	GlobalSection(SolutionConfigurationPlatforms) = preSolution
		Debug|Any CPU = Debug|Any CPU
		Release|Any CPU = Release|Any CPU
	EndGlobalSection
	GlobalSection(ProjectConfigurationPlatforms) = postSolution
		{362C3120-61E2-416B-91D8-4610451A3964}.Debug|Any CPU.ActiveCfg = Debug|Any CPU
		{362C3120-61E2-416B-91D8-4610451A3964}.Debug|Any CPU.Build.0 = Debug|Any CPU
		{362C3120-61E2-416B-91D8-4610451A3964}.Release|Any CPU.ActiveCfg = Release|Any CPU
		{362C3120-61E2-416B-91D8-4610451A3964}.Release|Any CPU.Build.0 = Release|Any CPU
		{5B70A9E5-D273-4376-96C2-E702288E74AC}.Debug|Any CPU.ActiveCfg = Debug|Any CPU
		{5B70A9E5-D273-4376-96C2-E702288E74AC}.Debug|Any CPU.Build.0 = Debug|Any CPU
		{5B70A9E5-D273-4376-96C2-E702288E74AC}.Release|Any CPU.ActiveCfg = Release|Any CPU
		{5B70A9E5-D273-4376-96C2-E702288E74AC}.Release|Any CPU.Build.0 = Release|Any CPU
		{4928A0CE-304E-4B36-933A-C4754E012D8B}.Debug|Any CPU.ActiveCfg = Debug|Any CPU
		{4928A0CE-304E-4B36-933A-C4754E012D8B}.Debug|Any CPU.Build.0 = Debug|Any CPU
		{4928A0CE-304E-4B36-933A-C4754E012D8B}.Release|Any CPU.ActiveCfg = Release|Any CPU
		{4928A0CE-304E-4B36-933A-C4754E012D8B}.Release|Any CPU.Build.0 = Release|Any CPU
	EndGlobalSection
	GlobalSection(SolutionProperties) = preSolution
		HideSolutionNode = FALSE
	EndGlobalSection
	GlobalSection(ExtensibilityGlobals) = postSolution
		SolutionGuid = {83C6CEB8-0C1F-4C78-AB2B-3C793487F401}
	EndGlobalSection
EndGlobal
